
Microsoft Visual Studio Solution File, Format Version 12.00
# Visual Studio Version 17
VisualStudioVersion = 17.9.34723.18
MinimumVisualStudioVersion = 10.0.40219.1
Project("{9A19103F-16F7-4668-BE54-9A1E7A4F7556}") = "LP01_Documentos", "LP01_Documentos\LP01_Documentos.csproj", "{04BF5519-D46D-4EF8-9D50-36DECD39F4CF}"
EndProject
Project("{9A19103F-16F7-4668-BE54-9A1E7A4F7556}") = "LP02_ConexionBD", "LP02_ConexionBD\LP02_ConexionBD.csproj", "{D4DC3146-B3C0-49AD-9268-872D721DFCB5}"
EndProject
Project("{9A19103F-16F7-4668-BE54-9A1E7A4F7556}") = "LP05_PatronesDiseño", "LP05_PatronesDiseño\LP05_PatronesDiseño.csproj", "{12A8B425-0D53-427B-8FA8-0DB61BCAD192}"
EndProject
Project("{FAE04EC0-301F-11D3-BF4B-00C04F79EFBC}") = "LP06_DependencyInjection", "LP06_DependencyInjection\LP06_DependencyInjection.csproj", "{FB1C0168-9234-49FF-AD38-52694FCA67E5}"
EndProject
Global
	GlobalSection(SolutionConfigurationPlatforms) = preSolution
		Debug|Any CPU = Debug|Any CPU
		Release|Any CPU = Release|Any CPU
	EndGlobalSection
	GlobalSection(ProjectConfigurationPlatforms) = postSolution
		{04BF5519-D46D-4EF8-9D50-36DECD39F4CF}.Debug|Any CPU.ActiveCfg = Debug|Any CPU
		{04BF5519-D46D-4EF8-9D50-36DECD39F4CF}.Debug|Any CPU.Build.0 = Debug|Any CPU
		{04BF5519-D46D-4EF8-9D50-36DECD39F4CF}.Release|Any CPU.ActiveCfg = Release|Any CPU
		{04BF5519-D46D-4EF8-9D50-36DECD39F4CF}.Release|Any CPU.Build.0 = Release|Any CPU
		{D4DC3146-B3C0-49AD-9268-872D721DFCB5}.Debug|Any CPU.ActiveCfg = Debug|Any CPU
		{D4DC3146-B3C0-49AD-9268-872D721DFCB5}.Debug|Any CPU.Build.0 = Debug|Any CPU
		{D4DC3146-B3C0-49AD-9268-872D721DFCB5}.Release|Any CPU.ActiveCfg = Release|Any CPU
		{D4DC3146-B3C0-49AD-9268-872D721DFCB5}.Release|Any CPU.Build.0 = Release|Any CPU
		{12A8B425-0D53-427B-8FA8-0DB61BCAD192}.Debug|Any CPU.ActiveCfg = Debug|Any CPU
		{12A8B425-0D53-427B-8FA8-0DB61BCAD192}.Debug|Any CPU.Build.0 = Debug|Any CPU
		{12A8B425-0D53-427B-8FA8-0DB61BCAD192}.Release|Any CPU.ActiveCfg = Release|Any CPU
		{12A8B425-0D53-427B-8FA8-0DB61BCAD192}.Release|Any CPU.Build.0 = Release|Any CPU
		{FB1C0168-9234-49FF-AD38-52694FCA67E5}.Debug|Any CPU.ActiveCfg = Debug|Any CPU
		{FB1C0168-9234-49FF-AD38-52694FCA67E5}.Debug|Any CPU.Build.0 = Debug|Any CPU
		{FB1C0168-9234-49FF-AD38-52694FCA67E5}.Release|Any CPU.ActiveCfg = Release|Any CPU
		{FB1C0168-9234-49FF-AD38-52694FCA67E5}.Release|Any CPU.Build.0 = Release|Any CPU
	EndGlobalSection
	GlobalSection(SolutionProperties) = preSolution
		HideSolutionNode = FALSE
	EndGlobalSection
	GlobalSection(ExtensibilityGlobals) = postSolution
		SolutionGuid = {58E93779-BBDD-4507-8E38-4844BF59FC9F}
	EndGlobalSection
EndGlobal
